
Microsoft Visual Studio Solution File, Format Version 12.00
# Visual Studio Version 17
VisualStudioVersion = 17.7.34221.43
MinimumVisualStudioVersion = 10.0.40219.1
Project("{FAE04EC0-301F-11D3-BF4B-00C04F79EFBC}") = "heeeeeeeeeeeeeh", "heeeeeeeeeeeeeh.csproj", "{27B41432-A7BD-4BEF-89C7-0039D03A9F95}"
EndProject
Global
	GlobalSection(SolutionConfigurationPlatforms) = preSolution
		Debug|Any CPU = Debug|Any CPU
		Release|Any CPU = Release|Any CPU
	EndGlobalSection
	GlobalSection(ProjectConfigurationPlatforms) = postSolution
		{27B41432-A7BD-4BEF-89C7-0039D03A9F95}.Debug|Any CPU.ActiveCfg = Debug|Any CPU
		{27B41432-A7BD-4BEF-89C7-0039D03A9F95}.Debug|Any CPU.Build.0 = Debug|Any CPU
		{27B41432-A7BD-4BEF-89C7-0039D03A9F95}.Release|Any CPU.ActiveCfg = Release|Any CPU
		{27B41432-A7BD-4BEF-89C7-0039D03A9F95}.Release|Any CPU.Build.0 = Release|Any CPU
	EndGlobalSection
	GlobalSection(SolutionProperties) = preSolution
		HideSolutionNode = FALSE
	EndGlobalSection
	GlobalSection(ExtensibilityGlobals) = postSolution
		SolutionGuid = {13602397-5BDE-47FC-91B0-BF08B7BA591F}
	EndGlobalSection
EndGlobal
